
Microsoft Visual Studio Solution File, Format Version 12.00
# Visual Studio Version 17
VisualStudioVersion = 17.14.36414.22 d17.14
MinimumVisualStudioVersion = 10.0.40219.1
Project("{FAE04EC0-301F-11D3-BF4B-00C04F79EFBC}") = "BiLink", "BiLink\BiLink.csproj", "{1556D0DE-7A57-485B-B95D-5693C4FFBFD9}"
EndProject
Global
	GlobalSection(SolutionConfigurationPlatforms) = preSolution
		Debug|Any CPU = Debug|Any CPU
		Release|Any CPU = Release|Any CPU
	EndGlobalSection
	GlobalSection(ProjectConfigurationPlatforms) = postSolution
		{1556D0DE-7A57-485B-B95D-5693C4FFBFD9}.Debug|Any CPU.ActiveCfg = Debug|Any CPU
		{1556D0DE-7A57-485B-B95D-5693C4FFBFD9}.Debug|Any CPU.Build.0 = Debug|Any CPU
		{1556D0DE-7A57-485B-B95D-5693C4FFBFD9}.Release|Any CPU.ActiveCfg = Release|Any CPU
		{1556D0DE-7A57-485B-B95D-5693C4FFBFD9}.Release|Any CPU.Build.0 = Release|Any CPU
	EndGlobalSection
	GlobalSection(SolutionProperties) = preSolution
		HideSolutionNode = FALSE
	EndGlobalSection
	GlobalSection(ExtensibilityGlobals) = postSolution
		SolutionGuid = {DF20CBE3-F435-4FA9-9DAF-96D76A79411D}
	EndGlobalSection
EndGlobal
